
Microsoft Visual Studio Solution File, Format Version 12.00
# Visual Studio Version 17
VisualStudioVersion = 17.0.31903.59
MinimumVisualStudioVersion = 10.0.40219.1
Project("{2150E333-8FDC-42A3-9474-1A3956D46DE8}") = "Services", "Services", "{A31F33B7-BFA0-4A0D-88F9-1FD14AB0459C}"
EndProject
Project("{2150E333-8FDC-42A3-9474-1A3956D46DE8}") = "Catalog", "Catalog", "{1B7FF451-317C-4EEA-AF26-5A4D6DAB38A4}"
EndProject
Project("{2150E333-8FDC-42A3-9474-1A3956D46DE8}") = "Catalog.API", "Catalog.API", "{59157DF0-A824-49C0-8820-751EA0C37FA8}"
EndProject
Global
	GlobalSection(SolutionConfigurationPlatforms) = preSolution
		Debug|Any CPU = Debug|Any CPU
		Release|Any CPU = Release|Any CPU
	EndGlobalSection
	GlobalSection(SolutionProperties) = preSolution
		HideSolutionNode = FALSE
	EndGlobalSection
	GlobalSection(ProjectConfigurationPlatforms) = postSolution
	EndGlobalSection
	GlobalSection(NestedProjects) = preSolution
		{59157DF0-A824-49C0-8820-751EA0C37FA8} = {1B7FF451-317C-4EEA-AF26-5A4D6DAB38A4}
		{1B7FF451-317C-4EEA-AF26-5A4D6DAB38A4} = {A31F33B7-BFA0-4A0D-88F9-1FD14AB0459C}
	EndGlobalSection
EndGlobal
